github.com/mitchellh/mapstructure v1.5.0 h1:jeMsZIYE/09sWLaz43PL7Gy6RuMjD2eJVyuac5Z2hdY=
github.com/mitchellh/mapstructure v1.5.0/go.mod h1:bFUtVrKA4DC2yAKiSyO/QUcy7e+RRV2QTWOzhPopBRo=
github.com/mozillazg/go-httpheader v0.4.0 h1:aBn6aRXtFzyDLZ4VIRLsZbbJloagQfMnCiYgOq6hK4w=
github.com/mozillazg/go-httpheader v0.4.0/go.mod h1:PuT8h0pw6efvp8ZeUec1Rs7dwjK08bt6gKSReGMqtdA=
github.com/pasztorpisti/qs v0.0.0-20171216220353-8d6c33ee906c h1:Gcce/r5tSQeprxswXXOwQ/RBU1bjQWVd9dB7QKoPXBE=
github.com/pasztorpisti/qs v0.0.0-20171216220353-8d6c33ee906c/go.mod h1:1iCZ0433JJMecYqCa+TdWA9Pax8MGl4ByuNDZ7eSnQY=
